
Microsoft Visual Studio Solution File, Format Version 12.00
# Visual Studio Version 17
VisualStudioVersion = 17.14.36408.4 d17.14
MinimumVisualStudioVersion = 10.0.40219.1
Project("{FAE04EC0-301F-11D3-BF4B-00C04F79EFBC}") = "Group38_INF2011S_Group_Project_2025", "Group38_INF2011S_Group_Project_2025\Group38_INF2011S_Group_Project_2025.csproj", "{D5BFC27A-6449-4A9A-A376-8B5AFF717A81}"
EndProject
Global
	GlobalSection(SolutionConfigurationPlatforms) = preSolution
		Debug|Any CPU = Debug|Any CPU
		Release|Any CPU = Release|Any CPU
	EndGlobalSection
	GlobalSection(ProjectConfigurationPlatforms) = postSolution
		{D5BFC27A-6449-4A9A-A376-8B5AFF717A81}.Debug|Any CPU.ActiveCfg = Debug|Any CPU
		{D5BFC27A-6449-4A9A-A376-8B5AFF717A81}.Debug|Any CPU.Build.0 = Debug|Any CPU
		{D5BFC27A-6449-4A9A-A376-8B5AFF717A81}.Release|Any CPU.ActiveCfg = Release|Any CPU
		{D5BFC27A-6449-4A9A-A376-8B5AFF717A81}.Release|Any CPU.Build.0 = Release|Any CPU
	EndGlobalSection
	GlobalSection(SolutionProperties) = preSolution
		HideSolutionNode = FALSE
	EndGlobalSection
	GlobalSection(ExtensibilityGlobals) = postSolution
		SolutionGuid = {4C1B2A36-D8E7-4A08-8958-CB4940B5CA45}
	EndGlobalSection
EndGlobal
